
Microsoft Visual Studio Solution File, Format Version 12.00
# Visual Studio Version 17
VisualStudioVersion = 17.3.32825.248
MinimumVisualStudioVersion = 10.0.40219.1
Project("{8BC9CEB8-8B4A-11D0-8D11-00A0C91BC942}") = "Lab 2 OOP c++", "Lab 2 OOP c++\Lab 2 OOP c++.vcxproj", "{B496F657-493D-4D03-BA83-7FF73841C762}"
EndProject
Global
	GlobalSection(SolutionConfigurationPlatforms) = preSolution
		Debug|x64 = Debug|x64
		Debug|x86 = Debug|x86
		Release|x64 = Release|x64
		Release|x86 = Release|x86
	EndGlobalSection
	GlobalSection(ProjectConfigurationPlatforms) = postSolution
		{B496F657-493D-4D03-BA83-7FF73841C762}.Debug|x64.ActiveCfg = Debug|x64
		{B496F657-493D-4D03-BA83-7FF73841C762}.Debug|x64.Build.0 = Debug|x64
		{B496F657-493D-4D03-BA83-7FF73841C762}.Debug|x86.ActiveCfg = Debug|Win32
		{B496F657-493D-4D03-BA83-7FF73841C762}.Debug|x86.Build.0 = Debug|Win32
		{B496F657-493D-4D03-BA83-7FF73841C762}.Release|x64.ActiveCfg = Release|x64
		{B496F657-493D-4D03-BA83-7FF73841C762}.Release|x64.Build.0 = Release|x64
		{B496F657-493D-4D03-BA83-7FF73841C762}.Release|x86.ActiveCfg = Release|Win32
		{B496F657-493D-4D03-BA83-7FF73841C762}.Release|x86.Build.0 = Release|Win32
	EndGlobalSection
	GlobalSection(SolutionProperties) = preSolution
		HideSolutionNode = FALSE
	EndGlobalSection
	GlobalSection(ExtensibilityGlobals) = postSolution
		SolutionGuid = {134BF1C1-4595-424A-87F8-5EA13A274516}
	EndGlobalSection
EndGlobal
